# Copyright (c) 2024 Realtek Semiconductor, Inc.
# SPDX-License-Identifier: Apache-2.0

description: Realtek RTS5816 clock

compatible: "realtek,rts5816-clock"

include: [clock-controller.yaml, base.yaml]

properties:
  reg:
    required: true

  "#clock-cells":
    const: 1

clock-cells:
  - clkid
